
Microsoft Visual Studio Solution File, Format Version 12.00
# Visual Studio Version 17
VisualStudioVersion = 17.0.31903.59
MinimumVisualStudioVersion = 10.0.40219.1
Project("{FAE04EC0-301F-11D3-BF4B-00C04F79EFBC}") = "Day01Tests", "Day01\tst\Day01Tests.csproj", "{890E0298-5C04-4EE1-A0B6-EAF8FE986DD7}"
EndProject
Project("{2150E333-8FDC-42A3-9474-1A3956D46DE8}") = "Day01", "Day01", "{E943CF5C-D4D6-4015-8249-3FEC5DED5E99}"
EndProject
Project("{FAE04EC0-301F-11D3-BF4B-00C04F79EFBC}") = "Day01", "Day01\src\Day01.csproj", "{ABED5C8C-B979-45E0-9D8D-1D1133563F6B}"
EndProject
Project("{FAE04EC0-301F-11D3-BF4B-00C04F79EFBC}") = "Day02Tests", "Day02\tst\Day02Tests.csproj", "{979A444B-503D-4EDE-9369-DD0F64E09232}"
EndProject
Project("{2150E333-8FDC-42A3-9474-1A3956D46DE8}") = "Day02", "Day02", "{13C85833-BB0D-4945-B3C4-EF8C08769CD2}"
EndProject
Project("{FAE04EC0-301F-11D3-BF4B-00C04F79EFBC}") = "Day02", "Day02\src\Day02.csproj", "{4FD38EF2-51E9-4AA6-9DAF-BBFD54D2DD05}"
EndProject
Project("{FAE04EC0-301F-11D3-BF4B-00C04F79EFBC}") = "Day03Tests", "Day03\tst\Day03Tests.csproj", "{21B85509-29B3-41F1-ADEF-AEE60781526B}"
EndProject
Project("{2150E333-8FDC-42A3-9474-1A3956D46DE8}") = "Day03", "Day03", "{18A87B0F-71E3-4453-B7F8-A07CB5C496FF}"
EndProject
Project("{FAE04EC0-301F-11D3-BF4B-00C04F79EFBC}") = "Day03", "Day03\src\Day03.csproj", "{92BD6E8B-8F4B-4234-B6E5-B1B080609F2D}"
EndProject
Project("{FAE04EC0-301F-11D3-BF4B-00C04F79EFBC}") = "Day04Tests", "Day04\tst\Day04Tests.csproj", "{90A5FEB3-D329-4E11-9791-2EF5233EAD31}"
EndProject
Project("{2150E333-8FDC-42A3-9474-1A3956D46DE8}") = "Day04", "Day04", "{D46CAA58-411E-420D-A435-C5253F41ED9F}"
EndProject
Project("{FAE04EC0-301F-11D3-BF4B-00C04F79EFBC}") = "Day04", "Day04\src\Day04.csproj", "{3602D773-337D-4920-8DF1-704B7C725D6B}"
EndProject
Project("{FAE04EC0-301F-11D3-BF4B-00C04F79EFBC}") = "Day05Tests", "Day05\tst\Day05Tests.csproj", "{739C34DD-9EFC-4A93-BD44-7BCAD073BBD1}"
EndProject
Project("{2150E333-8FDC-42A3-9474-1A3956D46DE8}") = "Day05", "Day05", "{261D51AC-6F34-436A-8974-99A5B63EA553}"
EndProject
Project("{FAE04EC0-301F-11D3-BF4B-00C04F79EFBC}") = "Day05", "Day05\src\Day05.csproj", "{D03E6E25-1B9C-4DE3-8F13-F767199B544D}"
EndProject
Project("{FAE04EC0-301F-11D3-BF4B-00C04F79EFBC}") = "Day06Tests", "Day06\tst\Day06Tests.csproj", "{86BB48FC-39ED-4B9C-8F62-B1545CDEA351}"
EndProject
Project("{2150E333-8FDC-42A3-9474-1A3956D46DE8}") = "Day06", "Day06", "{42F0950F-C91E-4A92-B447-712FE3934D30}"
EndProject
Project("{FAE04EC0-301F-11D3-BF4B-00C04F79EFBC}") = "Day06", "Day06\src\Day06.csproj", "{069A7AB8-ABF3-411B-8F9C-63CD3BA9A4F3}"
EndProject
Project("{FAE04EC0-301F-11D3-BF4B-00C04F79EFBC}") = "Day07Tests", "Day07\tst\Day07Tests.csproj", "{E40B9E7D-1F2F-4037-ADBD-0D4E24984334}"
EndProject
Project("{2150E333-8FDC-42A3-9474-1A3956D46DE8}") = "Day07", "Day07", "{478BDD66-9A1E-4FD0-9561-2B077EEE88D2}"
EndProject
Project("{FAE04EC0-301F-11D3-BF4B-00C04F79EFBC}") = "Day07", "Day07\src\Day07.csproj", "{2B875F18-75BC-4801-A2BC-F0C32A4B4194}"
EndProject
Project("{FAE04EC0-301F-11D3-BF4B-00C04F79EFBC}") = "Day08Tests", "Day08\tst\Day08Tests.csproj", "{72BD7768-19F9-4943-8091-800E4F1B26D9}"
EndProject
Project("{2150E333-8FDC-42A3-9474-1A3956D46DE8}") = "Day08", "Day08", "{607DBEF2-6BC6-441A-BEC9-17776222F80E}"
EndProject
Project("{FAE04EC0-301F-11D3-BF4B-00C04F79EFBC}") = "Day08", "Day08\src\Day08.csproj", "{81D006EE-AD8A-4CAC-993F-D6C85A352373}"
EndProject
Project("{FAE04EC0-301F-11D3-BF4B-00C04F79EFBC}") = "Day09Tests", "Day09\tst\Day09Tests.csproj", "{14DCDF51-9487-4500-A33D-459899E5BFBC}"
EndProject
Project("{2150E333-8FDC-42A3-9474-1A3956D46DE8}") = "Day09", "Day09", "{1C4E6101-BD8B-465D-B5EA-1836D0666EA6}"
EndProject
Project("{FAE04EC0-301F-11D3-BF4B-00C04F79EFBC}") = "Day09", "Day09\src\Day09.csproj", "{24ED880F-E5FA-4F2D-B610-E19F6D7FACA4}"
EndProject
Project("{FAE04EC0-301F-11D3-BF4B-00C04F79EFBC}") = "Day10Tests", "Day10\tst\Day10Tests.csproj", "{D3228F06-E023-4C07-809D-6E901E306C68}"
EndProject
Project("{2150E333-8FDC-42A3-9474-1A3956D46DE8}") = "Day10", "Day10", "{8B4110DC-F81D-475B-9824-7A522FA0B974}"
EndProject
Project("{FAE04EC0-301F-11D3-BF4B-00C04F79EFBC}") = "Day10", "Day10\src\Day10.csproj", "{01F655FF-7BDD-45A5-9058-6D2CE95A9121}"
EndProject
Global
	GlobalSection(SolutionConfigurationPlatforms) = preSolution
		Debug|Any CPU = Debug|Any CPU
		Release|Any CPU = Release|Any CPU
	EndGlobalSection
	GlobalSection(SolutionProperties) = preSolution
		HideSolutionNode = FALSE
	EndGlobalSection
	GlobalSection(ProjectConfigurationPlatforms) = postSolution
		{890E0298-5C04-4EE1-A0B6-EAF8FE986DD7}.Debug|Any CPU.ActiveCfg = Debug|Any CPU
		{890E0298-5C04-4EE1-A0B6-EAF8FE986DD7}.Debug|Any CPU.Build.0 = Debug|Any CPU
		{890E0298-5C04-4EE1-A0B6-EAF8FE986DD7}.Release|Any CPU.ActiveCfg = Release|Any CPU
		{890E0298-5C04-4EE1-A0B6-EAF8FE986DD7}.Release|Any CPU.Build.0 = Release|Any CPU
		{ABED5C8C-B979-45E0-9D8D-1D1133563F6B}.Debug|Any CPU.ActiveCfg = Debug|Any CPU
		{ABED5C8C-B979-45E0-9D8D-1D1133563F6B}.Debug|Any CPU.Build.0 = Debug|Any CPU
		{ABED5C8C-B979-45E0-9D8D-1D1133563F6B}.Release|Any CPU.ActiveCfg = Release|Any CPU
		{ABED5C8C-B979-45E0-9D8D-1D1133563F6B}.Release|Any CPU.Build.0 = Release|Any CPU
		{979A444B-503D-4EDE-9369-DD0F64E09232}.Debug|Any CPU.ActiveCfg = Debug|Any CPU
		{979A444B-503D-4EDE-9369-DD0F64E09232}.Debug|Any CPU.Build.0 = Debug|Any CPU
		{979A444B-503D-4EDE-9369-DD0F64E09232}.Release|Any CPU.ActiveCfg = Release|Any CPU
		{979A444B-503D-4EDE-9369-DD0F64E09232}.Release|Any CPU.Build.0 = Release|Any CPU
		{4FD38EF2-51E9-4AA6-9DAF-BBFD54D2DD05}.Debug|Any CPU.ActiveCfg = Debug|Any CPU
		{4FD38EF2-51E9-4AA6-9DAF-BBFD54D2DD05}.Debug|Any CPU.Build.0 = Debug|Any CPU
		{4FD38EF2-51E9-4AA6-9DAF-BBFD54D2DD05}.Release|Any CPU.ActiveCfg = Release|Any CPU
		{4FD38EF2-51E9-4AA6-9DAF-BBFD54D2DD05}.Release|Any CPU.Build.0 = Release|Any CPU
		{21B85509-29B3-41F1-ADEF-AEE60781526B}.Debug|Any CPU.ActiveCfg = Debug|Any CPU
		{21B85509-29B3-41F1-ADEF-AEE60781526B}.Debug|Any CPU.Build.0 = Debug|Any CPU
		{21B85509-29B3-41F1-ADEF-AEE60781526B}.Release|Any CPU.ActiveCfg = Release|Any CPU
		{21B85509-29B3-41F1-ADEF-AEE60781526B}.Release|Any CPU.Build.0 = Release|Any CPU
		{92BD6E8B-8F4B-4234-B6E5-B1B080609F2D}.Debug|Any CPU.ActiveCfg = Debug|Any CPU
		{92BD6E8B-8F4B-4234-B6E5-B1B080609F2D}.Debug|Any CPU.Build.0 = Debug|Any CPU
		{92BD6E8B-8F4B-4234-B6E5-B1B080609F2D}.Release|Any CPU.ActiveCfg = Release|Any CPU
		{92BD6E8B-8F4B-4234-B6E5-B1B080609F2D}.Release|Any CPU.Build.0 = Release|Any CPU
		{90A5FEB3-D329-4E11-9791-2EF5233EAD31}.Debug|Any CPU.ActiveCfg = Debug|Any CPU
		{90A5FEB3-D329-4E11-9791-2EF5233EAD31}.Debug|Any CPU.Build.0 = Debug|Any CPU
		{90A5FEB3-D329-4E11-9791-2EF5233EAD31}.Release|Any CPU.ActiveCfg = Release|Any CPU
		{90A5FEB3-D329-4E11-9791-2EF5233EAD31}.Release|Any CPU.Build.0 = Release|Any CPU
		{3602D773-337D-4920-8DF1-704B7C725D6B}.Debug|Any CPU.ActiveCfg = Debug|Any CPU
		{3602D773-337D-4920-8DF1-704B7C725D6B}.Debug|Any CPU.Build.0 = Debug|Any CPU
		{3602D773-337D-4920-8DF1-704B7C725D6B}.Release|Any CPU.ActiveCfg = Release|Any CPU
		{3602D773-337D-4920-8DF1-704B7C725D6B}.Release|Any CPU.Build.0 = Release|Any CPU
		{739C34DD-9EFC-4A93-BD44-7BCAD073BBD1}.Debug|Any CPU.ActiveCfg = Debug|Any CPU
		{739C34DD-9EFC-4A93-BD44-7BCAD073BBD1}.Debug|Any CPU.Build.0 = Debug|Any CPU
		{739C34DD-9EFC-4A93-BD44-7BCAD073BBD1}.Release|Any CPU.ActiveCfg = Release|Any CPU
		{739C34DD-9EFC-4A93-BD44-7BCAD073BBD1}.Release|Any CPU.Build.0 = Release|Any CPU
		{D03E6E25-1B9C-4DE3-8F13-F767199B544D}.Debug|Any CPU.ActiveCfg = Debug|Any CPU
		{D03E6E25-1B9C-4DE3-8F13-F767199B544D}.Debug|Any CPU.Build.0 = Debug|Any CPU
		{D03E6E25-1B9C-4DE3-8F13-F767199B544D}.Release|Any CPU.ActiveCfg = Release|Any CPU
		{D03E6E25-1B9C-4DE3-8F13-F767199B544D}.Release|Any CPU.Build.0 = Release|Any CPU
		{86BB48FC-39ED-4B9C-8F62-B1545CDEA351}.Debug|Any CPU.ActiveCfg = Debug|Any CPU
		{86BB48FC-39ED-4B9C-8F62-B1545CDEA351}.Debug|Any CPU.Build.0 = Debug|Any CPU
		{86BB48FC-39ED-4B9C-8F62-B1545CDEA351}.Release|Any CPU.ActiveCfg = Release|Any CPU
		{86BB48FC-39ED-4B9C-8F62-B1545CDEA351}.Release|Any CPU.Build.0 = Release|Any CPU
		{069A7AB8-ABF3-411B-8F9C-63CD3BA9A4F3}.Debug|Any CPU.ActiveCfg = Debug|Any CPU
		{069A7AB8-ABF3-411B-8F9C-63CD3BA9A4F3}.Debug|Any CPU.Build.0 = Debug|Any CPU
		{069A7AB8-ABF3-411B-8F9C-63CD3BA9A4F3}.Release|Any CPU.ActiveCfg = Release|Any CPU
		{069A7AB8-ABF3-411B-8F9C-63CD3BA9A4F3}.Release|Any CPU.Build.0 = Release|Any CPU
		{E40B9E7D-1F2F-4037-ADBD-0D4E24984334}.Debug|Any CPU.ActiveCfg = Debug|Any CPU
		{E40B9E7D-1F2F-4037-ADBD-0D4E24984334}.Debug|Any CPU.Build.0 = Debug|Any CPU
		{E40B9E7D-1F2F-4037-ADBD-0D4E24984334}.Release|Any CPU.ActiveCfg = Release|Any CPU
		{E40B9E7D-1F2F-4037-ADBD-0D4E24984334}.Release|Any CPU.Build.0 = Release|Any CPU
		{2B875F18-75BC-4801-A2BC-F0C32A4B4194}.Debug|Any CPU.ActiveCfg = Debug|Any CPU
		{2B875F18-75BC-4801-A2BC-F0C32A4B4194}.Debug|Any CPU.Build.0 = Debug|Any CPU
		{2B875F18-75BC-4801-A2BC-F0C32A4B4194}.Release|Any CPU.ActiveCfg = Release|Any CPU
		{2B875F18-75BC-4801-A2BC-F0C32A4B4194}.Release|Any CPU.Build.0 = Release|Any CPU
		{72BD7768-19F9-4943-8091-800E4F1B26D9}.Debug|Any CPU.ActiveCfg = Debug|Any CPU
		{72BD7768-19F9-4943-8091-800E4F1B26D9}.Debug|Any CPU.Build.0 = Debug|Any CPU
		{72BD7768-19F9-4943-8091-800E4F1B26D9}.Release|Any CPU.ActiveCfg = Release|Any CPU
		{72BD7768-19F9-4943-8091-800E4F1B26D9}.Release|Any CPU.Build.0 = Release|Any CPU
		{81D006EE-AD8A-4CAC-993F-D6C85A352373}.Debug|Any CPU.ActiveCfg = Debug|Any CPU
		{81D006EE-AD8A-4CAC-993F-D6C85A352373}.Debug|Any CPU.Build.0 = Debug|Any CPU
		{81D006EE-AD8A-4CAC-993F-D6C85A352373}.Release|Any CPU.ActiveCfg = Release|Any CPU
		{81D006EE-AD8A-4CAC-993F-D6C85A352373}.Release|Any CPU.Build.0 = Release|Any CPU
		{14DCDF51-9487-4500-A33D-459899E5BFBC}.Debug|Any CPU.ActiveCfg = Debug|Any CPU
		{14DCDF51-9487-4500-A33D-459899E5BFBC}.Debug|Any CPU.Build.0 = Debug|Any CPU
		{14DCDF51-9487-4500-A33D-459899E5BFBC}.Release|Any CPU.ActiveCfg = Release|Any CPU
		{14DCDF51-9487-4500-A33D-459899E5BFBC}.Release|Any CPU.Build.0 = Release|Any CPU
		{24ED880F-E5FA-4F2D-B610-E19F6D7FACA4}.Debug|Any CPU.ActiveCfg = Debug|Any CPU
		{24ED880F-E5FA-4F2D-B610-E19F6D7FACA4}.Debug|Any CPU.Build.0 = Debug|Any CPU
		{24ED880F-E5FA-4F2D-B610-E19F6D7FACA4}.Release|Any CPU.ActiveCfg = Release|Any CPU
		{24ED880F-E5FA-4F2D-B610-E19F6D7FACA4}.Release|Any CPU.Build.0 = Release|Any CPU
		{D3228F06-E023-4C07-809D-6E901E306C68}.Debug|Any CPU.ActiveCfg = Debug|Any CPU
		{D3228F06-E023-4C07-809D-6E901E306C68}.Debug|Any CPU.Build.0 = Debug|Any CPU
		{D3228F06-E023-4C07-809D-6E901E306C68}.Release|Any CPU.ActiveCfg = Release|Any CPU
		{D3228F06-E023-4C07-809D-6E901E306C68}.Release|Any CPU.Build.0 = Release|Any CPU
		{01F655FF-7BDD-45A5-9058-6D2CE95A9121}.Debug|Any CPU.ActiveCfg = Debug|Any CPU
		{01F655FF-7BDD-45A5-9058-6D2CE95A9121}.Debug|Any CPU.Build.0 = Debug|Any CPU
		{01F655FF-7BDD-45A5-9058-6D2CE95A9121}.Release|Any CPU.ActiveCfg = Release|Any CPU
		{01F655FF-7BDD-45A5-9058-6D2CE95A9121}.Release|Any CPU.Build.0 = Release|Any CPU
	EndGlobalSection
	GlobalSection(NestedProjects) = preSolution
		{ABED5C8C-B979-45E0-9D8D-1D1133563F6B} = {E943CF5C-D4D6-4015-8249-3FEC5DED5E99}
		{4FD38EF2-51E9-4AA6-9DAF-BBFD54D2DD05} = {13C85833-BB0D-4945-B3C4-EF8C08769CD2}
		{92BD6E8B-8F4B-4234-B6E5-B1B080609F2D} = {18A87B0F-71E3-4453-B7F8-A07CB5C496FF}
		{3602D773-337D-4920-8DF1-704B7C725D6B} = {D46CAA58-411E-420D-A435-C5253F41ED9F}
		{D03E6E25-1B9C-4DE3-8F13-F767199B544D} = {261D51AC-6F34-436A-8974-99A5B63EA553}
		{069A7AB8-ABF3-411B-8F9C-63CD3BA9A4F3} = {42F0950F-C91E-4A92-B447-712FE3934D30}
		{2B875F18-75BC-4801-A2BC-F0C32A4B4194} = {478BDD66-9A1E-4FD0-9561-2B077EEE88D2}
		{81D006EE-AD8A-4CAC-993F-D6C85A352373} = {607DBEF2-6BC6-441A-BEC9-17776222F80E}
		{24ED880F-E5FA-4F2D-B610-E19F6D7FACA4} = {1C4E6101-BD8B-465D-B5EA-1836D0666EA6}
		{01F655FF-7BDD-45A5-9058-6D2CE95A9121} = {8B4110DC-F81D-475B-9824-7A522FA0B974}
	EndGlobalSection
EndGlobal
